<Solution>
  <Project Path="src/Chummer.Android/Chummer.Android.csproj" />
  <Project Path="tests/Chummer.Android.AccountLinkHttp.Tests/Chummer.Android.AccountLinkHttp.Tests.csproj" />
  <Project Path="tests/Chummer.Android.AccountLinkKey.AndroidCompileCheck/Chummer.Android.AccountLinkKey.AndroidCompileCheck.csproj" />
  <Project Path="tests/Chummer.Android.AccountLinkKey.Tests/Chummer.Android.AccountLinkKey.Tests.csproj" />
  <Project Path="tests/Chummer.Android.DocumentProviderWork.Tests/Chummer.Android.DocumentProviderWork.Tests.csproj" />
  <Project Path="tests/Chummer.Android.Native.CompileCheck/Chummer.Android.Native.CompileCheck.csproj" />
  <Project Path="tests/Chummer.Android.Native.InteractionTests/Chummer.Android.Native.InteractionTests.csproj" />
  <Project Path="tests/Chummer.Android.PlayReview.BindingCompileCheck/Chummer.Android.PlayReview.BindingCompileCheck.csproj" />
  <Project Path="tests/Chummer.Android.PlayReview.Tests/Chummer.Android.PlayReview.Tests.csproj" />
  <Project Path="tests/Chummer.Android.ShadowArchive.Tests/Chummer.Android.ShadowArchive.Tests.csproj" />
</Solution>
