<Solution>
  <Project Path="src/Chummer.Android/Chummer.Android.csproj" />
  <Project Path="tests/Chummer.Android.Native.CompileCheck/Chummer.Android.Native.CompileCheck.csproj" />
  <Project Path="tests/Chummer.Android.Native.InteractionTests/Chummer.Android.Native.InteractionTests.csproj" />
</Solution>
